
Microsoft Visual Studio Solution File, Format Version 12.00
# Visual Studio 14
VisualStudioVersion = 14.0.25420.1
MinimumVisualStudioVersion = 10.0.40219.1
Project("{FAE04EC0-301F-11D3-BF4B-00C04F79EFBC}") = "GESCHANGE", "GESCHANGE\GESCHANGE.csproj", "{6CB963A5-AF4E-4350-B0C8-6060D562CE86}"
EndProject
Project("{FAE04EC0-301F-11D3-BF4B-00C04F79EFBC}") = "Tools", "Tools\Tools.csproj", "{087E428F-FA21-46C8-BA0A-26B204DF0974}"
EndProject
Global
	GlobalSection(SolutionConfigurationPlatforms) = preSolution
		Debug|Any CPU = Debug|Any CPU
		Release|Any CPU = Release|Any CPU
	EndGlobalSection
	GlobalSection(ProjectConfigurationPlatforms) = postSolution
		{6CB963A5-AF4E-4350-B0C8-6060D562CE86}.Debug|Any CPU.ActiveCfg = Debug|Any CPU
		{6CB963A5-AF4E-4350-B0C8-6060D562CE86}.Debug|Any CPU.Build.0 = Debug|Any CPU
		{6CB963A5-AF4E-4350-B0C8-6060D562CE86}.Release|Any CPU.ActiveCfg = Release|Any CPU
		{6CB963A5-AF4E-4350-B0C8-6060D562CE86}.Release|Any CPU.Build.0 = Release|Any CPU
		{087E428F-FA21-46C8-BA0A-26B204DF0974}.Debug|Any CPU.ActiveCfg = Debug|Any CPU
		{087E428F-FA21-46C8-BA0A-26B204DF0974}.Debug|Any CPU.Build.0 = Debug|Any CPU
		{087E428F-FA21-46C8-BA0A-26B204DF0974}.Release|Any CPU.ActiveCfg = Release|Any CPU
		{087E428F-FA21-46C8-BA0A-26B204DF0974}.Release|Any CPU.Build.0 = Release|Any CPU
	EndGlobalSection
	GlobalSection(SolutionProperties) = preSolution
		HideSolutionNode = FALSE
	EndGlobalSection
EndGlobal
